
Microsoft Visual Studio Solution File, Format Version 12.00
# Visual Studio Version 17
VisualStudioVersion = 17.0.31903.59
MinimumVisualStudioVersion = 10.0.40219.1
Project("{FAE04EC0-301F-11D3-BF4B-00C04F79EFBC}") = "RimAI.Core", "Common\RimAI.Core.csproj", "{608755CC-6985-421D-99A5-D4A7D9416F3E}"
EndProject
Project("{FAE04EC0-301F-11D3-BF4B-00C04F79EFBC}") = "RimAI.Ingestion", "GameStateSync\RimAI.Ingestion.csproj", "{3B2316D0-F311-4C65-BC79-86060D1CF240}"
EndProject
Project("{FAE04EC0-301F-11D3-BF4B-00C04F79EFBC}") = "RimAI.State", "StateStore\RimAI.State.csproj", "{6F0DD44F-D91F-48EF-80D7-CBDDFBAC2A98}"
EndProject
Project("{FAE04EC0-301F-11D3-BF4B-00C04F79EFBC}") = "RimAI.LLM", "LlmGateway\RimAI.LLM.csproj", "{5D2E6DF6-0F9A-4375-BB63-4AD895E5784B}"
EndProject
Project("{FAE04EC0-301F-11D3-BF4B-00C04F79EFBC}") = "RimAI.Knowledge", "KnowledgeBase\RimAI.Knowledge.csproj", "{B909FDF7-9F09-46A7-A51D-875F7611B263}"
EndProject
Project("{FAE04EC0-301F-11D3-BF4B-00C04F79EFBC}") = "RimAI.Host", "ApiHost\RimAI.Host.csproj", "{06DAA201-5AC3-484B-B17D-EA71F4A6BE3F}"
EndProject
Project("{FAE04EC0-301F-11D3-BF4B-00C04F79EFBC}") = "RimAI.Tests", "Tests\RimAI.Tests.csproj", "{C5B61189-A4FE-48EA-9596-013733851372}"
EndProject
Project("{2150E333-8FDC-42A3-9474-1A3956D46DE8}") = "Ministers", "Ministers", "{79280237-CB6C-3C04-C73F-74558FD3CF6D}"
EndProject
Project("{FAE04EC0-301F-11D3-BF4B-00C04F79EFBC}") = "RimAI.Ministers", "Ministers\RimAI.Ministers.csproj", "{AFD9C8EE-5DD0-4B4B-97C3-63A262DB4992}"
EndProject
Project("{2150E333-8FDC-42A3-9474-1A3956D46DE8}") = "Coordination", "Coordination", "{D85A29DB-1665-DAC0-15C1-38C3ED03944B}"
EndProject
Project("{FAE04EC0-301F-11D3-BF4B-00C04F79EFBC}") = "RimAI.Coordination", "Coordination\RimAI.Coordination.csproj", "{F1A6A294-B91E-40A3-A6D6-478A8D74A755}"
EndProject
Global
	GlobalSection(SolutionConfigurationPlatforms) = preSolution
		Debug|Any CPU = Debug|Any CPU
		Debug|x64 = Debug|x64
		Debug|x86 = Debug|x86
		Release|Any CPU = Release|Any CPU
		Release|x64 = Release|x64
		Release|x86 = Release|x86
	EndGlobalSection
	GlobalSection(ProjectConfigurationPlatforms) = postSolution
		{608755CC-6985-421D-99A5-D4A7D9416F3E}.Debug|Any CPU.ActiveCfg = Debug|Any CPU
		{608755CC-6985-421D-99A5-D4A7D9416F3E}.Debug|Any CPU.Build.0 = Debug|Any CPU
		{608755CC-6985-421D-99A5-D4A7D9416F3E}.Debug|x64.ActiveCfg = Debug|Any CPU
		{608755CC-6985-421D-99A5-D4A7D9416F3E}.Debug|x64.Build.0 = Debug|Any CPU
		{608755CC-6985-421D-99A5-D4A7D9416F3E}.Debug|x86.ActiveCfg = Debug|Any CPU
		{608755CC-6985-421D-99A5-D4A7D9416F3E}.Debug|x86.Build.0 = Debug|Any CPU
		{608755CC-6985-421D-99A5-D4A7D9416F3E}.Release|Any CPU.ActiveCfg = Release|Any CPU
		{608755CC-6985-421D-99A5-D4A7D9416F3E}.Release|Any CPU.Build.0 = Release|Any CPU
		{608755CC-6985-421D-99A5-D4A7D9416F3E}.Release|x64.ActiveCfg = Release|Any CPU
		{608755CC-6985-421D-99A5-D4A7D9416F3E}.Release|x64.Build.0 = Release|Any CPU
		{608755CC-6985-421D-99A5-D4A7D9416F3E}.Release|x86.ActiveCfg = Release|Any CPU
		{608755CC-6985-421D-99A5-D4A7D9416F3E}.Release|x86.Build.0 = Release|Any CPU
		{3B2316D0-F311-4C65-BC79-86060D1CF240}.Debug|Any CPU.ActiveCfg = Debug|Any CPU
		{3B2316D0-F311-4C65-BC79-86060D1CF240}.Debug|Any CPU.Build.0 = Debug|Any CPU
		{3B2316D0-F311-4C65-BC79-86060D1CF240}.Debug|x64.ActiveCfg = Debug|Any CPU
		{3B2316D0-F311-4C65-BC79-86060D1CF240}.Debug|x64.Build.0 = Debug|Any CPU
		{3B2316D0-F311-4C65-BC79-86060D1CF240}.Debug|x86.ActiveCfg = Debug|Any CPU
		{3B2316D0-F311-4C65-BC79-86060D1CF240}.Debug|x86.Build.0 = Debug|Any CPU
		{3B2316D0-F311-4C65-BC79-86060D1CF240}.Release|Any CPU.ActiveCfg = Release|Any CPU
		{3B2316D0-F311-4C65-BC79-86060D1CF240}.Release|Any CPU.Build.0 = Release|Any CPU
		{3B2316D0-F311-4C65-BC79-86060D1CF240}.Release|x64.ActiveCfg = Release|Any CPU
		{3B2316D0-F311-4C65-BC79-86060D1CF240}.Release|x64.Build.0 = Release|Any CPU
		{3B2316D0-F311-4C65-BC79-86060D1CF240}.Release|x86.ActiveCfg = Release|Any CPU
		{3B2316D0-F311-4C65-BC79-86060D1CF240}.Release|x86.Build.0 = Release|Any CPU
		{6F0DD44F-D91F-48EF-80D7-CBDDFBAC2A98}.Debug|Any CPU.ActiveCfg = Debug|Any CPU
		{6F0DD44F-D91F-48EF-80D7-CBDDFBAC2A98}.Debug|Any CPU.Build.0 = Debug|Any CPU
		{6F0DD44F-D91F-48EF-80D7-CBDDFBAC2A98}.Debug|x64.ActiveCfg = Debug|Any CPU
		{6F0DD44F-D91F-48EF-80D7-CBDDFBAC2A98}.Debug|x64.Build.0 = Debug|Any CPU
		{6F0DD44F-D91F-48EF-80D7-CBDDFBAC2A98}.Debug|x86.ActiveCfg = Debug|Any CPU
		{6F0DD44F-D91F-48EF-80D7-CBDDFBAC2A98}.Debug|x86.Build.0 = Debug|Any CPU
		{6F0DD44F-D91F-48EF-80D7-CBDDFBAC2A98}.Release|Any CPU.ActiveCfg = Release|Any CPU
		{6F0DD44F-D91F-48EF-80D7-CBDDFBAC2A98}.Release|Any CPU.Build.0 = Release|Any CPU
		{6F0DD44F-D91F-48EF-80D7-CBDDFBAC2A98}.Release|x64.ActiveCfg = Release|Any CPU
		{6F0DD44F-D91F-48EF-80D7-CBDDFBAC2A98}.Release|x64.Build.0 = Release|Any CPU
		{6F0DD44F-D91F-48EF-80D7-CBDDFBAC2A98}.Release|x86.ActiveCfg = Release|Any CPU
		{6F0DD44F-D91F-48EF-80D7-CBDDFBAC2A98}.Release|x86.Build.0 = Release|Any CPU
		{5D2E6DF6-0F9A-4375-BB63-4AD895E5784B}.Debug|Any CPU.ActiveCfg = Debug|Any CPU
		{5D2E6DF6-0F9A-4375-BB63-4AD895E5784B}.Debug|Any CPU.Build.0 = Debug|Any CPU
		{5D2E6DF6-0F9A-4375-BB63-4AD895E5784B}.Debug|x64.ActiveCfg = Debug|Any CPU
		{5D2E6DF6-0F9A-4375-BB63-4AD895E5784B}.Debug|x64.Build.0 = Debug|Any CPU
		{5D2E6DF6-0F9A-4375-BB63-4AD895E5784B}.Debug|x86.ActiveCfg = Debug|Any CPU
		{5D2E6DF6-0F9A-4375-BB63-4AD895E5784B}.Debug|x86.Build.0 = Debug|Any CPU
		{5D2E6DF6-0F9A-4375-BB63-4AD895E5784B}.Release|Any CPU.ActiveCfg = Release|Any CPU
		{5D2E6DF6-0F9A-4375-BB63-4AD895E5784B}.Release|Any CPU.Build.0 = Release|Any CPU
		{5D2E6DF6-0F9A-4375-BB63-4AD895E5784B}.Release|x64.ActiveCfg = Release|Any CPU
		{5D2E6DF6-0F9A-4375-BB63-4AD895E5784B}.Release|x64.Build.0 = Release|Any CPU
		{5D2E6DF6-0F9A-4375-BB63-4AD895E5784B}.Release|x86.ActiveCfg = Release|Any CPU
		{5D2E6DF6-0F9A-4375-BB63-4AD895E5784B}.Release|x86.Build.0 = Release|Any CPU
		{B909FDF7-9F09-46A7-A51D-875F7611B263}.Debug|Any CPU.ActiveCfg = Debug|Any CPU
		{B909FDF7-9F09-46A7-A51D-875F7611B263}.Debug|Any CPU.Build.0 = Debug|Any CPU
		{B909FDF7-9F09-46A7-A51D-875F7611B263}.Debug|x64.ActiveCfg = Debug|Any CPU
		{B909FDF7-9F09-46A7-A51D-875F7611B263}.Debug|x64.Build.0 = Debug|Any CPU
		{B909FDF7-9F09-46A7-A51D-875F7611B263}.Debug|x86.ActiveCfg = Debug|Any CPU
		{B909FDF7-9F09-46A7-A51D-875F7611B263}.Debug|x86.Build.0 = Debug|Any CPU
		{B909FDF7-9F09-46A7-A51D-875F7611B263}.Release|Any CPU.ActiveCfg = Release|Any CPU
		{B909FDF7-9F09-46A7-A51D-875F7611B263}.Release|Any CPU.Build.0 = Release|Any CPU
		{B909FDF7-9F09-46A7-A51D-875F7611B263}.Release|x64.ActiveCfg = Release|Any CPU
		{B909FDF7-9F09-46A7-A51D-875F7611B263}.Release|x64.Build.0 = Release|Any CPU
		{B909FDF7-9F09-46A7-A51D-875F7611B263}.Release|x86.ActiveCfg = Release|Any CPU
		{B909FDF7-9F09-46A7-A51D-875F7611B263}.Release|x86.Build.0 = Release|Any CPU
		{06DAA201-5AC3-484B-B17D-EA71F4A6BE3F}.Debug|Any CPU.ActiveCfg = Debug|Any CPU
		{06DAA201-5AC3-484B-B17D-EA71F4A6BE3F}.Debug|Any CPU.Build.0 = Debug|Any CPU
		{06DAA201-5AC3-484B-B17D-EA71F4A6BE3F}.Debug|x64.ActiveCfg = Debug|Any CPU
		{06DAA201-5AC3-484B-B17D-EA71F4A6BE3F}.Debug|x64.Build.0 = Debug|Any CPU
		{06DAA201-5AC3-484B-B17D-EA71F4A6BE3F}.Debug|x86.ActiveCfg = Debug|Any CPU
		{06DAA201-5AC3-484B-B17D-EA71F4A6BE3F}.Debug|x86.Build.0 = Debug|Any CPU
		{06DAA201-5AC3-484B-B17D-EA71F4A6BE3F}.Release|Any CPU.ActiveCfg = Release|Any CPU
		{06DAA201-5AC3-484B-B17D-EA71F4A6BE3F}.Release|Any CPU.Build.0 = Release|Any CPU
		{06DAA201-5AC3-484B-B17D-EA71F4A6BE3F}.Release|x64.ActiveCfg = Release|Any CPU
		{06DAA201-5AC3-484B-B17D-EA71F4A6BE3F}.Release|x64.Build.0 = Release|Any CPU
		{06DAA201-5AC3-484B-B17D-EA71F4A6BE3F}.Release|x86.ActiveCfg = Release|Any CPU
		{06DAA201-5AC3-484B-B17D-EA71F4A6BE3F}.Release|x86.Build.0 = Release|Any CPU
		{C5B61189-A4FE-48EA-9596-013733851372}.Debug|Any CPU.ActiveCfg = Debug|Any CPU
		{C5B61189-A4FE-48EA-9596-013733851372}.Debug|Any CPU.Build.0 = Debug|Any CPU
		{C5B61189-A4FE-48EA-9596-013733851372}.Debug|x64.ActiveCfg = Debug|Any CPU
		{C5B61189-A4FE-48EA-9596-013733851372}.Debug|x64.Build.0 = Debug|Any CPU
		{C5B61189-A4FE-48EA-9596-013733851372}.Debug|x86.ActiveCfg = Debug|Any CPU
		{C5B61189-A4FE-48EA-9596-013733851372}.Debug|x86.Build.0 = Debug|Any CPU
		{C5B61189-A4FE-48EA-9596-013733851372}.Release|Any CPU.ActiveCfg = Release|Any CPU
		{C5B61189-A4FE-48EA-9596-013733851372}.Release|Any CPU.Build.0 = Release|Any CPU
		{C5B61189-A4FE-48EA-9596-013733851372}.Release|x64.ActiveCfg = Release|Any CPU
		{C5B61189-A4FE-48EA-9596-013733851372}.Release|x64.Build.0 = Release|Any CPU
		{C5B61189-A4FE-48EA-9596-013733851372}.Release|x86.ActiveCfg = Release|Any CPU
		{C5B61189-A4FE-48EA-9596-013733851372}.Release|x86.Build.0 = Release|Any CPU
		{AFD9C8EE-5DD0-4B4B-97C3-63A262DB4992}.Debug|Any CPU.ActiveCfg = Debug|Any CPU
		{AFD9C8EE-5DD0-4B4B-97C3-63A262DB4992}.Debug|Any CPU.Build.0 = Debug|Any CPU
		{AFD9C8EE-5DD0-4B4B-97C3-63A262DB4992}.Debug|x64.ActiveCfg = Debug|Any CPU
		{AFD9C8EE-5DD0-4B4B-97C3-63A262DB4992}.Debug|x64.Build.0 = Debug|Any CPU
		{AFD9C8EE-5DD0-4B4B-97C3-63A262DB4992}.Debug|x86.ActiveCfg = Debug|Any CPU
		{AFD9C8EE-5DD0-4B4B-97C3-63A262DB4992}.Debug|x86.Build.0 = Debug|Any CPU
		{AFD9C8EE-5DD0-4B4B-97C3-63A262DB4992}.Release|Any CPU.ActiveCfg = Release|Any CPU
		{AFD9C8EE-5DD0-4B4B-97C3-63A262DB4992}.Release|Any CPU.Build.0 = Release|Any CPU
		{AFD9C8EE-5DD0-4B4B-97C3-63A262DB4992}.Release|x64.ActiveCfg = Release|Any CPU
		{AFD9C8EE-5DD0-4B4B-97C3-63A262DB4992}.Release|x64.Build.0 = Release|Any CPU
		{AFD9C8EE-5DD0-4B4B-97C3-63A262DB4992}.Release|x86.ActiveCfg = Release|Any CPU
		{AFD9C8EE-5DD0-4B4B-97C3-63A262DB4992}.Release|x86.Build.0 = Release|Any CPU
		{F1A6A294-B91E-40A3-A6D6-478A8D74A755}.Debug|Any CPU.ActiveCfg = Debug|Any CPU
		{F1A6A294-B91E-40A3-A6D6-478A8D74A755}.Debug|Any CPU.Build.0 = Debug|Any CPU
		{F1A6A294-B91E-40A3-A6D6-478A8D74A755}.Debug|x64.ActiveCfg = Debug|Any CPU
		{F1A6A294-B91E-40A3-A6D6-478A8D74A755}.Debug|x64.Build.0 = Debug|Any CPU
		{F1A6A294-B91E-40A3-A6D6-478A8D74A755}.Debug|x86.ActiveCfg = Debug|Any CPU
		{F1A6A294-B91E-40A3-A6D6-478A8D74A755}.Debug|x86.Build.0 = Debug|Any CPU
		{F1A6A294-B91E-40A3-A6D6-478A8D74A755}.Release|Any CPU.ActiveCfg = Release|Any CPU
		{F1A6A294-B91E-40A3-A6D6-478A8D74A755}.Release|Any CPU.Build.0 = Release|Any CPU
		{F1A6A294-B91E-40A3-A6D6-478A8D74A755}.Release|x64.ActiveCfg = Release|Any CPU
		{F1A6A294-B91E-40A3-A6D6-478A8D74A755}.Release|x64.Build.0 = Release|Any CPU
		{F1A6A294-B91E-40A3-A6D6-478A8D74A755}.Release|x86.ActiveCfg = Release|Any CPU
		{F1A6A294-B91E-40A3-A6D6-478A8D74A755}.Release|x86.Build.0 = Release|Any CPU
	EndGlobalSection
	GlobalSection(SolutionProperties) = preSolution
		HideSolutionNode = FALSE
	EndGlobalSection
	GlobalSection(NestedProjects) = preSolution
		{AFD9C8EE-5DD0-4B4B-97C3-63A262DB4992} = {79280237-CB6C-3C04-C73F-74558FD3CF6D}
		{F1A6A294-B91E-40A3-A6D6-478A8D74A755} = {D85A29DB-1665-DAC0-15C1-38C3ED03944B}
	EndGlobalSection
EndGlobal
